
Microsoft Visual Studio Solution File, Format Version 12.00
# Visual Studio Version 16
VisualStudioVersion = 16.0.31624.102
MinimumVisualStudioVersion = 10.0.40219.1
Project("{FAE04EC0-301F-11D3-BF4B-00C04F79EFBC}") = "InventoryManager", "InventoryManager\InventoryManager.csproj", "{A6D36189-345F-4325-8E91-326CC5ADF8BD}"
EndProject
Project("{FAE04EC0-301F-11D3-BF4B-00C04F79EFBC}") = "InventoryManager.Core3", "InventoryManager.Core3\InventoryManager.Core3.csproj", "{29EEC295-3249-40F2-A972-D0202066B40F}"
EndProject
Global
	GlobalSection(SolutionConfigurationPlatforms) = preSolution
		Debug|Any CPU = Debug|Any CPU
		Release|Any CPU = Release|Any CPU
	EndGlobalSection
	GlobalSection(ProjectConfigurationPlatforms) = postSolution
		{A6D36189-345F-4325-8E91-326CC5ADF8BD}.Debug|Any CPU.ActiveCfg = Debug|Any CPU
		{A6D36189-345F-4325-8E91-326CC5ADF8BD}.Debug|Any CPU.Build.0 = Debug|Any CPU
		{A6D36189-345F-4325-8E91-326CC5ADF8BD}.Release|Any CPU.ActiveCfg = Release|Any CPU
		{A6D36189-345F-4325-8E91-326CC5ADF8BD}.Release|Any CPU.Build.0 = Release|Any CPU
		{29EEC295-3249-40F2-A972-D0202066B40F}.Debug|Any CPU.ActiveCfg = Debug|Any CPU
		{29EEC295-3249-40F2-A972-D0202066B40F}.Debug|Any CPU.Build.0 = Debug|Any CPU
		{29EEC295-3249-40F2-A972-D0202066B40F}.Release|Any CPU.ActiveCfg = Release|Any CPU
		{29EEC295-3249-40F2-A972-D0202066B40F}.Release|Any CPU.Build.0 = Release|Any CPU
	EndGlobalSection
	GlobalSection(SolutionProperties) = preSolution
		HideSolutionNode = FALSE
	EndGlobalSection
	GlobalSection(ExtensibilityGlobals) = postSolution
		SolutionGuid = {F4F43BA3-D959-43F8-8F9D-0905FD69BC4A}
	EndGlobalSection
EndGlobal
